
Microsoft Visual Studio Solution File, Format Version 12.00
# Visual Studio Version 16
VisualStudioVersion = 16.0.31019.35
MinimumVisualStudioVersion = 10.0.40219.1
Project("{FAE04EC0-301F-11D3-BF4B-00C04F79EFBC}") = "BinderDemo", "BinderDemo\BinderDemo.csproj", "{F3378114-C8FB-40EB-B099-BC300A8EE72E}"
EndProject
Global
	GlobalSection(SolutionConfigurationPlatforms) = preSolution
		Debug|Any CPU = Debug|Any CPU
		Release|Any CPU = Release|Any CPU
	EndGlobalSection
	GlobalSection(ProjectConfigurationPlatforms) = postSolution
		{F3378114-C8FB-40EB-B099-BC300A8EE72E}.Debug|Any CPU.ActiveCfg = Debug|Any CPU
		{F3378114-C8FB-40EB-B099-BC300A8EE72E}.Debug|Any CPU.Build.0 = Debug|Any CPU
		{F3378114-C8FB-40EB-B099-BC300A8EE72E}.Release|Any CPU.ActiveCfg = Release|Any CPU
		{F3378114-C8FB-40EB-B099-BC300A8EE72E}.Release|Any CPU.Build.0 = Release|Any CPU
	EndGlobalSection
	GlobalSection(SolutionProperties) = preSolution
		HideSolutionNode = FALSE
	EndGlobalSection
	GlobalSection(ExtensibilityGlobals) = postSolution
		SolutionGuid = {180D98CB-5FFB-4843-BBED-8886E5894642}
	EndGlobalSection
EndGlobal
